// !$*UTF8*$!
{
	archiveVersion = 1;
	classes = {
	};
	objectVersion = 50;
	objects = {

/* Begin PBXBuildFile section */
		CEFE22EA2565C74700B448AC /* AppDelegate.swift in Sources */ = {isa = PBXBuildFile; fileRef = CEFE22E92565C74700B448AC /* AppDelegate.swift */; };
		CEFE22EC2565C74700B448AC /* SceneDelegate.swift in Sources */ = {isa = PBXBuildFile; fileRef = CEFE22EB2565C74700B448AC /* SceneDelegate.swift */; };
		CEFE22EE2565C74700B448AC /* ViewController.swift in Sources */ = {isa = PBXBuildFile; fileRef = CEFE22ED2565C74700B448AC /* ViewController.swift */; };
		CEFE22F12565C74700B448AC /* Main.storyboard in Resources */ = {isa = PBXBuildFile; fileRef = CEFE22EF2565C74700B448AC /* Main.storyboard */; };
		CEFE22F32565C74A00B448AC /* Assets.xcassets in Resources */ = {isa = PBXBuildFile; fileRef = CEFE22F22565C74A00B448AC /* Assets.xcassets */; };
		CEFE22F62565C74A00B448AC /* LaunchScreen.storyboard in Resources */ = {isa = PBXBuildFile; fileRef = CEFE22F42565C74A00B448AC /* LaunchScreen.storyboard */; };
		CEFE23002565CB7200B448AC /* Alert.swift in Sources */ = {isa = PBXBuildFile; fileRef = CEFE22FF2565CB7200B448AC /* Alert.swift */; };
/* End PBXBuildFile section */

/* Begin PBXFileReference section */
		CEFE22E62565C74700B448AC /* HandlingErros.app */ = {isa = PBXFileReference; explicitFileType = wrapper.application; includeInIndex = 0; path = HandlingErros.app; sourceTree = BUILT_PRODUCTS_DIR; };
		CEFE22E92565C74700B448AC /* AppDelegate.swift */ = {isa = PBXFileReference; lastKnownFileType = sourcecode.swift; path = AppDelegate.swift; sourceTree = "<group>"; };
		CEFE22EB2565C74700B448AC /* SceneDelegate.swift */ = {isa = PBXFileReference; lastKnownFileType = sourcecode.swift; path = SceneDelegate.swift; sourceTree = "<group>"; };
		CEFE22ED2565C74700B448AC /* ViewController.swift */ = {isa = PBXFileReference; lastKnownFileType = sourcecode.swift; path = ViewController.swift; sourceTree = "<group>"; };
		CEFE22F02565C74700B448AC /* Base */ = {isa = PBXFileReference; lastKnownFileType = file.storyboard; name = Base; path = Base.lproj/Main.storyboard; sourceTree = "<group>"; };
		CEFE22F22565C74A00B448AC /* Assets.xcassets */ = {isa = PBXFileReference; lastKnownFileType = folder.assetcatalog; path = Assets.xcassets; sourceTree = "<group>"; };
		CEFE22F52565C74A00B448AC /* Base */ = {isa = PBXFileReference; lastKnownFileType = file.storyboard; name = Base; path = Base.lproj/LaunchScreen.storyboard; sourceTree = "<group>"; };
		CEFE22F72565C74A00B448AC /* Info.plist */ = {isa = PBXFileReference; lastKnownFileType = text.plist.xml; path = Info.plist; sourceTree = "<group>"; };
		CEFE22FF2565CB7200B448AC /* Alert.swift */ = {isa = PBXFileReference; lastKnownFileType = sourcecode.swift; path = Alert.swift; sourceTree = "<group>"; };
/* End PBXFileReference section */

/* Begin PBXFrameworksBuildPhase section */
		CEFE22E32565C74700B448AC /* Frameworks */ = {
			isa = PBXFrameworksBuildPhase;
			buildActionMask = 2147483647;
			files = (
			);
			runOnlyForDeploymentPostprocessing = 0;
		};
/* End PBXFrameworksBuildPhase section */

/* Begin PBXGroup section */
		CEFE22DD2565C74600B448AC = {
			isa = PBXGroup;
			children = (
				CEFE22E82565C74700B448AC /* HandlingErros */,
				CEFE22E72565C74700B448AC /* Products */,
			);
			sourceTree = "<group>";
		};
		CEFE22E72565C74700B448AC /* Products */ = {
			isa = PBXGroup;
			children = (
				CEFE22E62565C74700B448AC /* HandlingErros.app */,
			);
			name = Products;
			sourceTree = "<group>";
		};
		CEFE22E82565C74700B448AC /* HandlingErros */ = {
			isa = PBXGroup;
			children = (
				CEFE22FE2565CB6200B448AC /* Helper */,
				CEFE22E92565C74700B448AC /* AppDelegate.swift */,
				CEFE22EB2565C74700B448AC /* SceneDelegate.swift */,
				CEFE22ED2565C74700B448AC /* ViewController.swift */,
				CEFE22EF2565C74700B448AC /* Main.storyboard */,
				CEFE22F22565C74A00B448AC /* Assets.xcassets */,
				CEFE22F42565C74A00B448AC /* LaunchScreen.storyboard */,
				CEFE22F72565C74A00B448AC /* Info.plist */,
			);
			path = HandlingErros;
			sourceTree = "<group>";
		};
		CEFE22FE2565CB6200B448AC /* Helper */ = {
			isa = PBXGroup;
			children = (
				CEFE22FF2565CB7200B448AC /* Alert.swift */,
			);
			path = Helper;
			sourceTree = "<group>";
		};
/* End PBXGroup section */

/* Begin PBXNativeTarget section */
		CEFE22E52565C74700B448AC /* HandlingErros */ = {
			isa = PBXNativeTarget;
			buildConfigurationList = CEFE22FA2565C74A00B448AC /* Build configuration list for PBXNativeTarget "HandlingErros" */;
			buildPhases = (
				CEFE22E22565C74700B448AC /* Sources */,
				CEFE22E32565C74700B448AC /* Frameworks */,
				CEFE22E42565C74700B448AC /* Resources */,
			);
			buildRules = (
			);
			dependencies = (
			);
			name = HandlingErros;
			productName = HandlingErros;
			productReference = CEFE22E62565C74700B448AC /* HandlingErros.app */;
			productType = "com.apple.product-type.application";
		};
/* End PBXNativeTarget section */

/* Begin PBXProject section */
		CEFE22DE2565C74600B448AC /* Project object */ = {
			isa = PBXProject;
			attributes = {
				LastSwiftUpdateCheck = 1220;
				LastUpgradeCheck = 1220;
				TargetAttributes = {
					CEFE22E52565C74700B448AC = {
						CreatedOnToolsVersion = 12.2;
					};
				};
			};
			buildConfigurationList = CEFE22E12565C74600B448AC /* Build configuration list for PBXProject "HandlingErros" */;
			compatibilityVersion = "Xcode 9.3";
			developmentRegion = en;
			hasScannedForEncodings = 0;
			knownRegions = (
				en,
				Base,
			);
			mainGroup = CEFE22DD2565C74600B448AC;
			productRefGroup = CEFE22E72565C74700B448AC /* Products */;
			projectDirPath = "";
			projectRoot = "";
			targets = (
				CEFE22E52565C74700B448AC /* HandlingErros */,
			);
		};
/* End PBXProject section */

/* Begin PBXResourcesBuildPhase section */
		CEFE22E42565C74700B448AC /* Resources */ = {
			isa = PBXResourcesBuildPhase;
			buildActionMask = 2147483647;
			files = (
				CEFE22F62565C74A00B448AC /* LaunchScreen.storyboard in Resources */,
				CEFE22F32565C74A00B448AC /* Assets.xcassets in Resources */,
				CEFE22F12565C74700B448AC /* Main.storyboard in Resources */,
			);
			runOnlyForDeploymentPostprocessing = 0;
		};
/* End PBXResourcesBuildPhase section */

/* Begin PBXSourcesBuildPhase section */
		CEFE22E22565C74700B448AC /* Sources */ = {
			isa = PBXSourcesBuildPhase;
			buildActionMask = 2147483647;
			files = (
				CEFE22EE2565C74700B448AC /* ViewController.swift in Sources */,
				CEFE22EA2565C74700B448AC /* AppDelegate.swift in Sources */,
				CEFE23002565CB7200B448AC /* Alert.swift in Sources */,
				CEFE22EC2565C74700B448AC /* SceneDelegate.swift in Sources */,
			);
			runOnlyForDeploymentPostprocessing = 0;
		};
/* End PBXSourcesBuildPhase section */

/* Begin PBXVariantGroup section */
		CEFE22EF2565C74700B448AC /* Main.storyboard */ = {
			isa = PBXVariantGroup;
			children = (
				CEFE22F02565C74700B448AC /* Base */,
			);
			name = Main.storyboard;
			sourceTree = "<group>";
		};
		CEFE22F42565C74A00B448AC /* LaunchScreen.storyboard */ = {
			isa = PBXVariantGroup;
			children = (
				CEFE22F52565C74A00B448AC /* Base */,
			);
			name = LaunchScreen.storyboard;
			sourceTree = "<group>";
		};
/* End PBXVariantGroup section */

/* Begin XCBuildConfiguration section */
		CEFE22F82565C74A00B448AC /* Debug */ = {
			isa = XCBuildConfiguration;
			buildSettings = {
				ALWAYS_SEARCH_USER_PATHS = NO;
				CLANG_ANALYZER_NONNULL = YES;
				CLANG_ANALYZER_NUMBER_OBJECT_CONVERSION = YES_AGGRESSIVE;
				CLANG_CXX_LANGUAGE_STANDARD = "gnu++14";
				CLANG_CXX_LIBRARY = "libc++";
				CLANG_ENABLE_MODULES = YES;
				CLANG_ENABLE_OBJC_ARC = YES;
				CLANG_ENABLE_OBJC_WEAK = YES;
				CLANG_WARN_BLOCK_CAPTURE_AUTORELEASING = YES;
				CLANG_WARN_BOOL_CONVERSION = YES;
				CLANG_WARN_COMMA = YES;
				CLANG_WARN_CONSTANT_CONVERSION = YES;
				CLANG_WARN_DEPRECATED_OBJC_IMPLEMENTATIONS = YES;
				CLANG_WARN_DIRECT_OBJC_ISA_USAGE = YES_ERROR;
				CLANG_WARN_DOCUMENTATION_COMMENTS = YES;
				CLANG_WARN_EMPTY_BODY = YES;
				CLANG_WARN_ENUM_CONVERSION = YES;
				CLANG_WARN_INFINITE_RECURSION = YES;
				CLANG_WARN_INT_CONVERSION = YES;
				CLANG_WARN_NON_LITERAL_NULL_CONVERSION = YES;
				CLANG_WARN_OBJC_IMPLICIT_RETAIN_SELF = YES;
				CLANG_WARN_OBJC_LITERAL_CONVERSION = YES;
				CLANG_WARN_OBJC_ROOT_CLASS = YES_ERROR;
				CLANG_WARN_QUOTED_INCLUDE_IN_FRAMEWORK_HEADER = YES;
				CLANG_WARN_RANGE_LOOP_ANALYSIS = YES;
				CLANG_WARN_STRICT_PROTOTYPES = YES;
				CLANG_WARN_SUSPICIOUS_MOVE = YES;
				CLANG_WARN_UNGUARDED_AVAILABILITY = YES_AGGRESSIVE;
				CLANG_WARN_UNREACHABLE_CODE = YES;
				CLANG_WARN__DUPLICATE_METHOD_MATCH = YES;
				COPY_PHASE_STRIP = NO;
				DEBUG_INFORMATION_FORMAT = dwarf;
				ENABLE_STRICT_OBJC_MSGSEND = YES;
				ENABLE_TESTABILITY = YES;
				GCC_C_LANGUAGE_STANDARD = gnu11;
				GCC_DYNAMIC_NO_PIC = NO;
				GCC_NO_COMMON_BLOCKS = YES;
				GCC_OPTIMIZATION_LEVEL = 0;
				GCC_PREPROCESSOR_DEFINITIONS = (
					"DEBUG=1",
					"$(inherited)",
				);
				GCC_WARN_64_TO_32_BIT_CONVERSION = YES;
				GCC_WARN_ABOUT_RETURN_TYPE = YES_ERROR;
				GCC_WARN_UNDECLARED_SELECTOR = YES;
				GCC_WARN_UNINITIALIZED_AUTOS = YES_AGGRESSIVE;
				GCC_WARN_UNUSED_FUNCTION = YES;
				GCC_WARN_UNUSED_VARIABLE = YES;
				IPHONEOS_DEPLOYMENT_TARGET = 14.2;
				MTL_ENABLE_DEBUG_INFO = INCLUDE_SOURCE;
				MTL_FAST_MATH = YES;
				ONLY_ACTIVE_ARCH = YES;
				SDKROOT = iphoneos;
				SWIFT_ACTIVE_COMPILATION_CONDITIONS = DEBUG;
				SWIFT_OPTIMIZATION_LEVEL = "-Onone";
			};
			name = Debug;
		};
		CEFE22F92565C74A00B448AC /* Release */ = {
			isa = XCBuildConfiguration;
			buildSettings = {
				ALWAYS_SEARCH_USER_PATHS = NO;
				CLANG_ANALYZER_NONNULL = YES;
				CLANG_ANALYZER_NUMBER_OBJECT_CONVERSION = YES_AGGRESSIVE;
				CLANG_CXX_LANGUAGE_STANDARD = "gnu++14";
				CLANG_CXX_LIBRARY = "libc++";
				CLANG_ENABLE_MODULES = YES;
				CLANG_ENABLE_OBJC_ARC = YES;
				CLANG_ENABLE_OBJC_WEAK = YES;
				CLANG_WARN_BLOCK_CAPTURE_AUTORELEASING = YES;
				CLANG_WARN_BOOL_CONVERSION = YES;
				CLANG_WARN_COMMA = YES;
				CLANG_WARN_CONSTANT_CONVERSION = YES;
				CLANG_WARN_DEPRECATED_OBJC_IMPLEMENTATIONS = YES;
				CLANG_WARN_DIRECT_OBJC_ISA_USAGE = YES_ERROR;
				CLANG_WARN_DOCUMENTATION_COMMENTS = YES;
				CLANG_WARN_EMPTY_BODY = YES;
				CLANG_WARN_ENUM_CONVERSION = YES;
				CLANG_WARN_INFINITE_RECURSION = YES;
				CLANG_WARN_INT_CONVERSION = YES;
				CLANG_WARN_NON_LITERAL_NULL_CONVERSION = YES;
				CLANG_WARN_OBJC_IMPLICIT_RETAIN_SELF = YES;
				CLANG_WARN_OBJC_LITERAL_CONVERSION = YES;
				CLANG_WARN_OBJC_ROOT_CLASS = YES_ERROR;
				CLANG_WARN_QUOTED_INCLUDE_IN_FRAMEWORK_HEADER = YES;
				CLANG_WARN_RANGE_LOOP_ANALYSIS = YES;
				CLANG_WARN_STRICT_PROTOTYPES = YES;
				CLANG_WARN_SUSPICIOUS_MOVE = YES;
				CLANG_WARN_UNGUARDED_AVAILABILITY = YES_AGGRESSIVE;
				CLANG_WARN_UNREACHABLE_CODE = YES;
				CLANG_WARN__DUPLICATE_METHOD_MATCH = YES;
				COPY_PHASE_STRIP = NO;
				DEBUG_INFORMATION_FORMAT = "dwarf-with-dsym";
				ENABLE_NS_ASSERTIONS = NO;
				ENABLE_STRICT_OBJC_MSGSEND = YES;
				GCC_C_LANGUAGE_STANDARD = gnu11;
				GCC_NO_COMMON_BLOCKS = YES;
				GCC_WARN_64_TO_32_BIT_CONVERSION = YES;
				GCC_WARN_ABOUT_RETURN_TYPE = YES_ERROR;
				GCC_WARN_UNDECLARED_SELECTOR = YES;
				GCC_WARN_UNINITIALIZED_AUTOS = YES_AGGRESSIVE;
				GCC_WARN_UNUSED_FUNCTION = YES;
				GCC_WARN_UNUSED_VARIABLE = YES;
				IPHONEOS_DEPLOYMENT_TARGET = 14.2;
				MTL_ENABLE_DEBUG_INFO = NO;
				MTL_FAST_MATH = YES;
				SDKROOT = iphoneos;
				SWIFT_COMPILATION_MODE = wholemodule;
				SWIFT_OPTIMIZATION_LEVEL = "-O";
				VALIDATE_PRODUCT = YES;
			};
			name = Release;
		};
		CEFE22FB2565C74A00B448AC /* Debug */ = {
			isa = XCBuildConfiguration;
			buildSettings = {
				ASSETCATALOG_COMPILER_APPICON_NAME = AppIcon;
				ASSETCATALOG_COMPILER_GLOBAL_ACCENT_COLOR_NAME = AccentColor;
				CODE_SIGN_STYLE = Automatic;
				DEVELOPMENT_TEAM = LS8SWR4EAL;
				INFOPLIST_FILE = HandlingErros/Info.plist;
				LD_RUNPATH_SEARCH_PATHS = (
					"$(inherited)",
					"@executable_path/Frameworks",
				);
				PRODUCT_BUNDLE_IDENTIFIER = com.gutorocha.HandlingErros;
				PRODUCT_NAME = "$(TARGET_NAME)";
				SWIFT_VERSION = 5.0;
				TARGETED_DEVICE_FAMILY = "1,2";
			};
			name = Debug;
		};
		CEFE22FC2565C74A00B448AC /* Release */ = {
			isa = XCBuildConfiguration;
			buildSettings = {
				ASSETCATALOG_COMPILER_APPICON_NAME = AppIcon;
				ASSETCATALOG_COMPILER_GLOBAL_ACCENT_COLOR_NAME = AccentColor;
				CODE_SIGN_STYLE = Automatic;
				DEVELOPMENT_TEAM = LS8SWR4EAL;
				INFOPLIST_FILE = HandlingErros/Info.plist;
				LD_RUNPATH_SEARCH_PATHS = (
					"$(inherited)",
					"@executable_path/Frameworks",
				);
				PRODUCT_BUNDLE_IDENTIFIER = com.gutorocha.HandlingErros;
				PRODUCT_NAME = "$(TARGET_NAME)";
				SWIFT_VERSION = 5.0;
				TARGETED_DEVICE_FAMILY = "1,2";
			};
			name = Release;
		};
/* End XCBuildConfiguration section */

/* Begin XCConfigurationList section */
		CEFE22E12565C74600B448AC /* Build configuration list for PBXProject "HandlingErros" */ = {
			isa = XCConfigurationList;
			buildConfigurations = (
				CEFE22F82565C74A00B448AC /* Debug */,
				CEFE22F92565C74A00B448AC /* Release */,
			);
			defaultConfigurationIsVisible = 0;
			defaultConfigurationName = Release;
		};
		CEFE22FA2565C74A00B448AC /* Build configuration list for PBXNativeTarget "HandlingErros" */ = {
			isa = XCConfigurationList;
			buildConfigurations = (
				CEFE22FB2565C74A00B448AC /* Debug */,
				CEFE22FC2565C74A00B448AC /* Release */,
			);
			defaultConfigurationIsVisible = 0;
			defaultConfigurationName = Release;
		};
/* End XCConfigurationList section */
	};
	rootObject = CEFE22DE2565C74600B448AC /* Project object */;
}
